
Microsoft Visual Studio Solution File, Format Version 12.00
# Visual Studio Version 16
VisualStudioVersion = 16.0.29905.134
MinimumVisualStudioVersion = 10.0.40219.1
Project("{FAE04EC0-301F-11D3-BF4B-00C04F79EFBC}") = "FinalProg3", "FinalProg3\FinalProg3.csproj", "{94182755-D0E9-4003-8A4F-422924C092C3}"
EndProject
Global
	GlobalSection(SolutionConfigurationPlatforms) = preSolution
		Debug|Any CPU = Debug|Any CPU
		Release|Any CPU = Release|Any CPU
	EndGlobalSection
	GlobalSection(ProjectConfigurationPlatforms) = postSolution
		{94182755-D0E9-4003-8A4F-422924C092C3}.Debug|Any CPU.ActiveCfg = Debug|Any CPU
		{94182755-D0E9-4003-8A4F-422924C092C3}.Debug|Any CPU.Build.0 = Debug|Any CPU
		{94182755-D0E9-4003-8A4F-422924C092C3}.Release|Any CPU.ActiveCfg = Release|Any CPU
		{94182755-D0E9-4003-8A4F-422924C092C3}.Release|Any CPU.Build.0 = Release|Any CPU
	EndGlobalSection
	GlobalSection(SolutionProperties) = preSolution
		HideSolutionNode = FALSE
	EndGlobalSection
	GlobalSection(ExtensibilityGlobals) = postSolution
		SolutionGuid = {6E0D4AF6-9FBB-42A5-9945-202132C777F7}
	EndGlobalSection
EndGlobal
